{
    "_meta": {
        "hash": {
            "sha256": "53094e0ff1e38d130ea7491e8c335dc88d556435c9af2cdfded4afcf87b46860"
        },
        "pipfile-spec": 6,
        "requires": {
            "python_version": "3.6"
        },
        "sources": [
            {
                "name": "pypi",
                "url": "https://pypi.org/simple",
                "verify_ssl": true
            }
        ]
    },
    "default": {
        "django": {
            "hashes": [
                "sha256:84f370f6acedbe1f3c41e1a02de44ac206efda3355e427139ecb785b5f596d80",
                "sha256:e8fe3c2b2212dce6126becab7a693157f1a441a07b62ec994c046c76af5bb66d"
            ],
            "index": "pypi",
            "version": "==2.2.13"
        },
        "django-classy-tags": {
            "hashes": [
                "sha256:38b4546a8053499e2fef7af679a58d7c868298717d645b8b8227acba5fd4bf2b"
            ],
            "index": "pypi",
            "version": "==0.9.0"
        },
        "django-crispy-forms": {
            "hashes": [
                "sha256:0320b303420fec9ce94e045321dfd180ca0e31e0336211c5d30ad0bda5ebbb5d",
                "sha256:22b6634e3a6316623e4eb062527fe5be5f97ea8b83020c65bcd8fac4747807b5"
            ],
            "index": "pypi",
            "version": "==1.8.0"
        },
        "django-taggit": {
            "hashes": [
                "sha256:01bf163f66f385de3777378f43338aba93aae8673891d8ba9a20695b2ffb8e10",
                "sha256:c13dfc1808a3084b64898e591af1d2f49b672d108388654804b170ee0ac5caf0"
            ],
            "index": "pypi",
            "version": "==1.1.0"
        },
        "django-taggit-templatetags2": {
            "hashes": [
                "sha256:eb41d76bdcc4f4e2979dfa93e34f98380a92296c4658646c522b514b70040322"
            ],
            "index": "pypi",
            "version": "==1.6.1"
        },
        "pep8": {
            "hashes": [
                "sha256:b22cfae5db09833bb9bd7c8463b53e1a9c9b39f12e304a8d0bba729c501827ee",
                "sha256:fe249b52e20498e59e0b5c5256aa52ee99fc295b26ec9eaa85776ffdb9fe6374"
            ],
            "index": "pypi",
            "version": "==1.7.1"
        },
        "pytz": {
            "hashes": [
                "sha256:1c557d7d0e871de1f5ccd5833f60fb2550652da6be2693c1e02300743d21500d",
                "sha256:b02c06db6cf09c12dd25137e563b31700d3b80fcc4ad23abb7a315f2789819be"
            ],
            "index": "pypi",
            "version": "==2019.3"
        },
        "sqlparse": {
            "hashes": [
                "sha256:022fb9c87b524d1f7862b3037e541f68597a730a8843245c349fc93e1643dc4e",
                "sha256:e162203737712307dfe78860cc56c8da8a852ab2ee33750e33aeadf38d12c548"
            ],
            "version": "==0.3.1"
        }
    },
    "develop": {}
}
